// !$*UTF8*$!
{
	archiveVersion = 1;
	classes = {
	};
	objectVersion = 50;
	objects = {

/* Begin PBXBuildFile section */
		FD2BD17A22E9F45E000E2A35 /* ThirdViewController.swift in Sources */ = {isa = PBXBuildFile; fileRef = FD2BD17922E9F45E000E2A35 /* ThirdViewController.swift */; };
		FD2BD17C22E9FA68000E2A35 /* FourthViewController.swift in Sources */ = {isa = PBXBuildFile; fileRef = FD2BD17B22E9FA68000E2A35 /* FourthViewController.swift */; };
		FD96526222E9DACA003E78DF /* AppDelegate.swift in Sources */ = {isa = PBXBuildFile; fileRef = FD96526122E9DACA003E78DF /* AppDelegate.swift */; };
		FD96526422E9DACA003E78DF /* SceneDelegate.swift in Sources */ = {isa = PBXBuildFile; fileRef = FD96526322E9DACA003E78DF /* SceneDelegate.swift */; };
		FD96526722E9DACA003E78DF /* NavTest.xcdatamodeld in Sources */ = {isa = PBXBuildFile; fileRef = FD96526522E9DACA003E78DF /* NavTest.xcdatamodeld */; };
		FD96526922E9DACA003E78DF /* ContentView.swift in Sources */ = {isa = PBXBuildFile; fileRef = FD96526822E9DACA003E78DF /* ContentView.swift */; };
		FD96526B22E9DACC003E78DF /* Assets.xcassets in Resources */ = {isa = PBXBuildFile; fileRef = FD96526A22E9DACC003E78DF /* Assets.xcassets */; };
		FD96526E22E9DACC003E78DF /* Preview Assets.xcassets in Resources */ = {isa = PBXBuildFile; fileRef = FD96526D22E9DACC003E78DF /* Preview Assets.xcassets */; };
		FD96527122E9DACC003E78DF /* LaunchScreen.storyboard in Resources */ = {isa = PBXBuildFile; fileRef = FD96526F22E9DACC003E78DF /* LaunchScreen.storyboard */; };
		FD96527922E9DAE6003E78DF /* TestViewController.swift in Sources */ = {isa = PBXBuildFile; fileRef = FD96527822E9DAE6003E78DF /* TestViewController.swift */; };
		FD96527B22E9DAFA003E78DF /* ViewControllerWrapper.swift in Sources */ = {isa = PBXBuildFile; fileRef = FD96527A22E9DAFA003E78DF /* ViewControllerWrapper.swift */; };
		FD96527D22E9DB1F003E78DF /* ProfileView.swift in Sources */ = {isa = PBXBuildFile; fileRef = FD96527C22E9DB1F003E78DF /* ProfileView.swift */; };
		FD96527F22E9DCAC003E78DF /* SecondViewController.swift in Sources */ = {isa = PBXBuildFile; fileRef = FD96527E22E9DCAC003E78DF /* SecondViewController.swift */; };
		FD96528122E9DCDF003E78DF /* DetailView.swift in Sources */ = {isa = PBXBuildFile; fileRef = FD96528022E9DCDF003E78DF /* DetailView.swift */; };
/* End PBXBuildFile section */

/* Begin PBXFileReference section */
		FD2BD17922E9F45E000E2A35 /* ThirdViewController.swift */ = {isa = PBXFileReference; lastKnownFileType = sourcecode.swift; path = ThirdViewController.swift; sourceTree = "<group>"; };
		FD2BD17B22E9FA68000E2A35 /* FourthViewController.swift */ = {isa = PBXFileReference; lastKnownFileType = sourcecode.swift; path = FourthViewController.swift; sourceTree = "<group>"; };
		FD96525E22E9DACA003E78DF /* NavTest.app */ = {isa = PBXFileReference; explicitFileType = wrapper.application; includeInIndex = 0; path = NavTest.app; sourceTree = BUILT_PRODUCTS_DIR; };
		FD96526122E9DACA003E78DF /* AppDelegate.swift */ = {isa = PBXFileReference; lastKnownFileType = sourcecode.swift; path = AppDelegate.swift; sourceTree = "<group>"; };
		FD96526322E9DACA003E78DF /* SceneDelegate.swift */ = {isa = PBXFileReference; lastKnownFileType = sourcecode.swift; path = SceneDelegate.swift; sourceTree = "<group>"; };
		FD96526622E9DACA003E78DF /* NavTest.xcdatamodel */ = {isa = PBXFileReference; lastKnownFileType = wrapper.xcdatamodel; path = NavTest.xcdatamodel; sourceTree = "<group>"; };
		FD96526822E9DACA003E78DF /* ContentView.swift */ = {isa = PBXFileReference; lastKnownFileType = sourcecode.swift; path = ContentView.swift; sourceTree = "<group>"; };
		FD96526A22E9DACC003E78DF /* Assets.xcassets */ = {isa = PBXFileReference; lastKnownFileType = folder.assetcatalog; path = Assets.xcassets; sourceTree = "<group>"; };
		FD96526D22E9DACC003E78DF /* Preview Assets.xcassets */ = {isa = PBXFileReference; lastKnownFileType = folder.assetcatalog; path = "Preview Assets.xcassets"; sourceTree = "<group>"; };
		FD96527022E9DACC003E78DF /* Base */ = {isa = PBXFileReference; lastKnownFileType = file.storyboard; name = Base; path = Base.lproj/LaunchScreen.storyboard; sourceTree = "<group>"; };
		FD96527222E9DACC003E78DF /* Info.plist */ = {isa = PBXFileReference; lastKnownFileType = text.plist.xml; path = Info.plist; sourceTree = "<group>"; };
		FD96527822E9DAE6003E78DF /* TestViewController.swift */ = {isa = PBXFileReference; lastKnownFileType = sourcecode.swift; name = TestViewController.swift; path = ../../TestViewController.swift; sourceTree = "<group>"; };
		FD96527A22E9DAFA003E78DF /* ViewControllerWrapper.swift */ = {isa = PBXFileReference; fileEncoding = 4; lastKnownFileType = sourcecode.swift; path = ViewControllerWrapper.swift; sourceTree = "<group>"; };
		FD96527C22E9DB1F003E78DF /* ProfileView.swift */ = {isa = PBXFileReference; lastKnownFileType = sourcecode.swift; path = ProfileView.swift; sourceTree = "<group>"; };
		FD96527E22E9DCAC003E78DF /* SecondViewController.swift */ = {isa = PBXFileReference; lastKnownFileType = sourcecode.swift; path = SecondViewController.swift; sourceTree = "<group>"; };
		FD96528022E9DCDF003E78DF /* DetailView.swift */ = {isa = PBXFileReference; lastKnownFileType = sourcecode.swift; path = DetailView.swift; sourceTree = "<group>"; };
/* End PBXFileReference section */

/* Begin PBXFrameworksBuildPhase section */
		FD96525B22E9DACA003E78DF /* Frameworks */ = {
			isa = PBXFrameworksBuildPhase;
			buildActionMask = 2147483647;
			files = (
			);
			runOnlyForDeploymentPostprocessing = 0;
		};
/* End PBXFrameworksBuildPhase section */

/* Begin PBXGroup section */
		FD96525522E9DACA003E78DF = {
			isa = PBXGroup;
			children = (
				FD96526022E9DACA003E78DF /* NavTest */,
				FD96525F22E9DACA003E78DF /* Products */,
			);
			sourceTree = "<group>";
		};
		FD96525F22E9DACA003E78DF /* Products */ = {
			isa = PBXGroup;
			children = (
				FD96525E22E9DACA003E78DF /* NavTest.app */,
			);
			name = Products;
			sourceTree = "<group>";
		};
		FD96526022E9DACA003E78DF /* NavTest */ = {
			isa = PBXGroup;
			children = (
				FD96527A22E9DAFA003E78DF /* ViewControllerWrapper.swift */,
				FD96526122E9DACA003E78DF /* AppDelegate.swift */,
				FD96526322E9DACA003E78DF /* SceneDelegate.swift */,
				FD96526822E9DACA003E78DF /* ContentView.swift */,
				FD96526A22E9DACC003E78DF /* Assets.xcassets */,
				FD96526F22E9DACC003E78DF /* LaunchScreen.storyboard */,
				FD96527222E9DACC003E78DF /* Info.plist */,
				FD96526522E9DACA003E78DF /* NavTest.xcdatamodeld */,
				FD96526C22E9DACC003E78DF /* Preview Content */,
				FD96527822E9DAE6003E78DF /* TestViewController.swift */,
				FD96527C22E9DB1F003E78DF /* ProfileView.swift */,
				FD96527E22E9DCAC003E78DF /* SecondViewController.swift */,
				FD96528022E9DCDF003E78DF /* DetailView.swift */,
				FD2BD17922E9F45E000E2A35 /* ThirdViewController.swift */,
				FD2BD17B22E9FA68000E2A35 /* FourthViewController.swift */,
			);
			path = NavTest;
			sourceTree = "<group>";
		};
		FD96526C22E9DACC003E78DF /* Preview Content */ = {
			isa = PBXGroup;
			children = (
				FD96526D22E9DACC003E78DF /* Preview Assets.xcassets */,
			);
			path = "Preview Content";
			sourceTree = "<group>";
		};
/* End PBXGroup section */

/* Begin PBXNativeTarget section */
		FD96525D22E9DACA003E78DF /* NavTest */ = {
			isa = PBXNativeTarget;
			buildConfigurationList = FD96527522E9DACC003E78DF /* Build configuration list for PBXNativeTarget "NavTest" */;
			buildPhases = (
				FD96525A22E9DACA003E78DF /* Sources */,
				FD96525B22E9DACA003E78DF /* Frameworks */,
				FD96525C22E9DACA003E78DF /* Resources */,
			);
			buildRules = (
			);
			dependencies = (
			);
			name = NavTest;
			productName = NavTest;
			productReference = FD96525E22E9DACA003E78DF /* NavTest.app */;
			productType = "com.apple.product-type.application";
		};
/* End PBXNativeTarget section */

/* Begin PBXProject section */
		FD96525622E9DACA003E78DF /* Project object */ = {
			isa = PBXProject;
			attributes = {
				LastSwiftUpdateCheck = 1100;
				LastUpgradeCheck = 1100;
				ORGANIZATIONNAME = "Lewis Griffin";
				TargetAttributes = {
					FD96525D22E9DACA003E78DF = {
						CreatedOnToolsVersion = 11.0;
					};
				};
			};
			buildConfigurationList = FD96525922E9DACA003E78DF /* Build configuration list for PBXProject "NavTest" */;
			compatibilityVersion = "Xcode 9.3";
			developmentRegion = en;
			hasScannedForEncodings = 0;
			knownRegions = (
				en,
				Base,
			);
			mainGroup = FD96525522E9DACA003E78DF;
			productRefGroup = FD96525F22E9DACA003E78DF /* Products */;
			projectDirPath = "";
			projectRoot = "";
			targets = (
				FD96525D22E9DACA003E78DF /* NavTest */,
			);
		};
/* End PBXProject section */

/* Begin PBXResourcesBuildPhase section */
		FD96525C22E9DACA003E78DF /* Resources */ = {
			isa = PBXResourcesBuildPhase;
			buildActionMask = 2147483647;
			files = (
				FD96527122E9DACC003E78DF /* LaunchScreen.storyboard in Resources */,
				FD96526E22E9DACC003E78DF /* Preview Assets.xcassets in Resources */,
				FD96526B22E9DACC003E78DF /* Assets.xcassets in Resources */,
			);
			runOnlyForDeploymentPostprocessing = 0;
		};
/* End PBXResourcesBuildPhase section */

/* Begin PBXSourcesBuildPhase section */
		FD96525A22E9DACA003E78DF /* Sources */ = {
			isa = PBXSourcesBuildPhase;
			buildActionMask = 2147483647;
			files = (
				FD96527F22E9DCAC003E78DF /* SecondViewController.swift in Sources */,
				FD96528122E9DCDF003E78DF /* DetailView.swift in Sources */,
				FD2BD17C22E9FA68000E2A35 /* FourthViewController.swift in Sources */,
				FD2BD17A22E9F45E000E2A35 /* ThirdViewController.swift in Sources */,
				FD96527922E9DAE6003E78DF /* TestViewController.swift in Sources */,
				FD96526222E9DACA003E78DF /* AppDelegate.swift in Sources */,
				FD96527B22E9DAFA003E78DF /* ViewControllerWrapper.swift in Sources */,
				FD96526422E9DACA003E78DF /* SceneDelegate.swift in Sources */,
				FD96526922E9DACA003E78DF /* ContentView.swift in Sources */,
				FD96527D22E9DB1F003E78DF /* ProfileView.swift in Sources */,
				FD96526722E9DACA003E78DF /* NavTest.xcdatamodeld in Sources */,
			);
			runOnlyForDeploymentPostprocessing = 0;
		};
/* End PBXSourcesBuildPhase section */

/* Begin PBXVariantGroup section */
		FD96526F22E9DACC003E78DF /* LaunchScreen.storyboard */ = {
			isa = PBXVariantGroup;
			children = (
				FD96527022E9DACC003E78DF /* Base */,
			);
			name = LaunchScreen.storyboard;
			sourceTree = "<group>";
		};
/* End PBXVariantGroup section */

/* Begin XCBuildConfiguration section */
		FD96527322E9DACC003E78DF /* Debug */ = {
			isa = XCBuildConfiguration;
			buildSettings = {
				ALWAYS_SEARCH_USER_PATHS = NO;
				CLANG_ANALYZER_NONNULL = YES;
				CLANG_ANALYZER_NUMBER_OBJECT_CONVERSION = YES_AGGRESSIVE;
				CLANG_CXX_LANGUAGE_STANDARD = "gnu++14";
				CLANG_CXX_LIBRARY = "libc++";
				CLANG_ENABLE_MODULES = YES;
				CLANG_ENABLE_OBJC_ARC = YES;
				CLANG_ENABLE_OBJC_WEAK = YES;
				CLANG_WARN_BLOCK_CAPTURE_AUTORELEASING = YES;
				CLANG_WARN_BOOL_CONVERSION = YES;
				CLANG_WARN_COMMA = YES;
				CLANG_WARN_CONSTANT_CONVERSION = YES;
				CLANG_WARN_DEPRECATED_OBJC_IMPLEMENTATIONS = YES;
				CLANG_WARN_DIRECT_OBJC_ISA_USAGE = YES_ERROR;
				CLANG_WARN_DOCUMENTATION_COMMENTS = YES;
				CLANG_WARN_EMPTY_BODY = YES;
				CLANG_WARN_ENUM_CONVERSION = YES;
				CLANG_WARN_INFINITE_RECURSION = YES;
				CLANG_WARN_INT_CONVERSION = YES;
				CLANG_WARN_NON_LITERAL_NULL_CONVERSION = YES;
				CLANG_WARN_OBJC_IMPLICIT_RETAIN_SELF = YES;
				CLANG_WARN_OBJC_LITERAL_CONVERSION = YES;
				CLANG_WARN_OBJC_ROOT_CLASS = YES_ERROR;
				CLANG_WARN_RANGE_LOOP_ANALYSIS = YES;
				CLANG_WARN_STRICT_PROTOTYPES = YES;
				CLANG_WARN_SUSPICIOUS_MOVE = YES;
				CLANG_WARN_UNGUARDED_AVAILABILITY = YES_AGGRESSIVE;
				CLANG_WARN_UNREACHABLE_CODE = YES;
				CLANG_WARN__DUPLICATE_METHOD_MATCH = YES;
				COPY_PHASE_STRIP = NO;
				DEBUG_INFORMATION_FORMAT = dwarf;
				ENABLE_STRICT_OBJC_MSGSEND = YES;
				ENABLE_TESTABILITY = YES;
				GCC_C_LANGUAGE_STANDARD = gnu11;
				GCC_DYNAMIC_NO_PIC = NO;
				GCC_NO_COMMON_BLOCKS = YES;
				GCC_OPTIMIZATION_LEVEL = 0;
				GCC_PREPROCESSOR_DEFINITIONS = (
					"DEBUG=1",
					"$(inherited)",
				);
				GCC_WARN_64_TO_32_BIT_CONVERSION = YES;
				GCC_WARN_ABOUT_RETURN_TYPE = YES_ERROR;
				GCC_WARN_UNDECLARED_SELECTOR = YES;
				GCC_WARN_UNINITIALIZED_AUTOS = YES_AGGRESSIVE;
				GCC_WARN_UNUSED_FUNCTION = YES;
				GCC_WARN_UNUSED_VARIABLE = YES;
				IPHONEOS_DEPLOYMENT_TARGET = 13.0;
				MTL_ENABLE_DEBUG_INFO = INCLUDE_SOURCE;
				MTL_FAST_MATH = YES;
				ONLY_ACTIVE_ARCH = YES;
				SDKROOT = iphoneos;
				SWIFT_ACTIVE_COMPILATION_CONDITIONS = DEBUG;
				SWIFT_OPTIMIZATION_LEVEL = "-Onone";
			};
			name = Debug;
		};
		FD96527422E9DACC003E78DF /* Release */ = {
			isa = XCBuildConfiguration;
			buildSettings = {
				ALWAYS_SEARCH_USER_PATHS = NO;
				CLANG_ANALYZER_NONNULL = YES;
				CLANG_ANALYZER_NUMBER_OBJECT_CONVERSION = YES_AGGRESSIVE;
				CLANG_CXX_LANGUAGE_STANDARD = "gnu++14";
				CLANG_CXX_LIBRARY = "libc++";
				CLANG_ENABLE_MODULES = YES;
				CLANG_ENABLE_OBJC_ARC = YES;
				CLANG_ENABLE_OBJC_WEAK = YES;
				CLANG_WARN_BLOCK_CAPTURE_AUTORELEASING = YES;
				CLANG_WARN_BOOL_CONVERSION = YES;
				CLANG_WARN_COMMA = YES;
				CLANG_WARN_CONSTANT_CONVERSION = YES;
				CLANG_WARN_DEPRECATED_OBJC_IMPLEMENTATIONS = YES;
				CLANG_WARN_DIRECT_OBJC_ISA_USAGE = YES_ERROR;
				CLANG_WARN_DOCUMENTATION_COMMENTS = YES;
				CLANG_WARN_EMPTY_BODY = YES;
				CLANG_WARN_ENUM_CONVERSION = YES;
				CLANG_WARN_INFINITE_RECURSION = YES;
				CLANG_WARN_INT_CONVERSION = YES;
				CLANG_WARN_NON_LITERAL_NULL_CONVERSION = YES;
				CLANG_WARN_OBJC_IMPLICIT_RETAIN_SELF = YES;
				CLANG_WARN_OBJC_LITERAL_CONVERSION = YES;
				CLANG_WARN_OBJC_ROOT_CLASS = YES_ERROR;
				CLANG_WARN_RANGE_LOOP_ANALYSIS = YES;
				CLANG_WARN_STRICT_PROTOTYPES = YES;
				CLANG_WARN_SUSPICIOUS_MOVE = YES;
				CLANG_WARN_UNGUARDED_AVAILABILITY = YES_AGGRESSIVE;
				CLANG_WARN_UNREACHABLE_CODE = YES;
				CLANG_WARN__DUPLICATE_METHOD_MATCH = YES;
				COPY_PHASE_STRIP = NO;
				DEBUG_INFORMATION_FORMAT = "dwarf-with-dsym";
				ENABLE_NS_ASSERTIONS = NO;
				ENABLE_STRICT_OBJC_MSGSEND = YES;
				GCC_C_LANGUAGE_STANDARD = gnu11;
				GCC_NO_COMMON_BLOCKS = YES;
				GCC_WARN_64_TO_32_BIT_CONVERSION = YES;
				GCC_WARN_ABOUT_RETURN_TYPE = YES_ERROR;
				GCC_WARN_UNDECLARED_SELECTOR = YES;
				GCC_WARN_UNINITIALIZED_AUTOS = YES_AGGRESSIVE;
				GCC_WARN_UNUSED_FUNCTION = YES;
				GCC_WARN_UNUSED_VARIABLE = YES;
				IPHONEOS_DEPLOYMENT_TARGET = 13.0;
				MTL_ENABLE_DEBUG_INFO = NO;
				MTL_FAST_MATH = YES;
				SDKROOT = iphoneos;
				SWIFT_COMPILATION_MODE = wholemodule;
				SWIFT_OPTIMIZATION_LEVEL = "-O";
				VALIDATE_PRODUCT = YES;
			};
			name = Release;
		};
		FD96527622E9DACC003E78DF /* Debug */ = {
			isa = XCBuildConfiguration;
			buildSettings = {
				ASSETCATALOG_COMPILER_APPICON_NAME = AppIcon;
				CODE_SIGN_STYLE = Automatic;
				DEVELOPMENT_ASSET_PATHS = "NavTest/Preview\\ Content";
				DEVELOPMENT_TEAM = 6957UY73VL;
				ENABLE_PREVIEWS = YES;
				INFOPLIST_FILE = NavTest/Info.plist;
				LD_RUNPATH_SEARCH_PATHS = (
					"$(inherited)",
					"@executable_path/Frameworks",
				);
				PRODUCT_BUNDLE_IDENTIFIER = com.griffin.NavTest;
				PRODUCT_NAME = "$(TARGET_NAME)";
				SWIFT_VERSION = 5.0;
				TARGETED_DEVICE_FAMILY = "1,2";
			};
			name = Debug;
		};
		FD96527722E9DACC003E78DF /* Release */ = {
			isa = XCBuildConfiguration;
			buildSettings = {
				ASSETCATALOG_COMPILER_APPICON_NAME = AppIcon;
				CODE_SIGN_STYLE = Automatic;
				DEVELOPMENT_ASSET_PATHS = "NavTest/Preview\\ Content";
				DEVELOPMENT_TEAM = 6957UY73VL;
				ENABLE_PREVIEWS = YES;
				INFOPLIST_FILE = NavTest/Info.plist;
				LD_RUNPATH_SEARCH_PATHS = (
					"$(inherited)",
					"@executable_path/Frameworks",
				);
				PRODUCT_BUNDLE_IDENTIFIER = com.griffin.NavTest;
				PRODUCT_NAME = "$(TARGET_NAME)";
				SWIFT_VERSION = 5.0;
				TARGETED_DEVICE_FAMILY = "1,2";
			};
			name = Release;
		};
/* End XCBuildConfiguration section */

/* Begin XCConfigurationList section */
		FD96525922E9DACA003E78DF /* Build configuration list for PBXProject "NavTest" */ = {
			isa = XCConfigurationList;
			buildConfigurations = (
				FD96527322E9DACC003E78DF /* Debug */,
				FD96527422E9DACC003E78DF /* Release */,
			);
			defaultConfigurationIsVisible = 0;
			defaultConfigurationName = Release;
		};
		FD96527522E9DACC003E78DF /* Build configuration list for PBXNativeTarget "NavTest" */ = {
			isa = XCConfigurationList;
			buildConfigurations = (
				FD96527622E9DACC003E78DF /* Debug */,
				FD96527722E9DACC003E78DF /* Release */,
			);
			defaultConfigurationIsVisible = 0;
			defaultConfigurationName = Release;
		};
/* End XCConfigurationList section */

/* Begin XCVersionGroup section */
		FD96526522E9DACA003E78DF /* NavTest.xcdatamodeld */ = {
			isa = XCVersionGroup;
			children = (
				FD96526622E9DACA003E78DF /* NavTest.xcdatamodel */,
			);
			currentVersion = FD96526622E9DACA003E78DF /* NavTest.xcdatamodel */;
			path = NavTest.xcdatamodeld;
			sourceTree = "<group>";
			versionGroupType = wrapper.xcdatamodel;
		};
/* End XCVersionGroup section */
	};
	rootObject = FD96525622E9DACA003E78DF /* Project object */;
}
